%{
  "coerce": {:hex, :coerce, "1.0.1", "211c27386315dc2894ac11bc1f413a0e38505d808153367bd5c6e75a4003d096", [:mix], [], "hexpm", "b44a691700f7a1a15b4b7e2ff1fa30bebd669929ac8aa43cffe9e2f8bf051cf1"},
  "currying": {:hex, :currying, "1.0.3", "6d036c86c38663a795858c9e744e406a62d7e5a66243a7da15326e731cdcd672", [:mix], [], "hexpm", "7b9b8cd644ecac635f0abf6267ca46d497e73144a5882449a843461a014f1154"},
  "decimal": {:hex, :decimal, "2.0.0", "a78296e617b0f5dd4c6caf57c714431347912ffb1d0842e998e9792b5642d697", [:mix], [], "hexpm", "34666e9c55dea81013e77d9d87370fe6cb6291d1ef32f46a1600230b1d44f577"},
  "ex_const": {:hex, :ex_const, "0.1.0", "7b04d0b65f00cfb8afc0b778bd58dec4804612a54f57122524ee097e9f2c5443", [:mix], [], "hexpm", "7c17c83d9c2d167884610a118ae7206e5313e54369690bfd8fe7ac37077e08e6"},
  "ex_machina": {:hex, :ex_machina, "2.7.0", "b792cc3127fd0680fecdb6299235b4727a4944a09ff0fa904cc639272cd92dc7", [:mix], [{:ecto, "~> 2.2 or ~> 3.0", [hex: :ecto, repo: "hexpm", optional: true]}, {:ecto_sql, "~> 3.0", [hex: :ecto_sql, repo: "hexpm", optional: true]}], "hexpm", "419aa7a39bde11894c87a615c4ecaa52d8f107bbdd81d810465186f783245bf8"},
  "extractable": {:hex, :extractable, "0.2.1", "cf32f0cf2328c073505be285fedecbc984a4f5fec300370dc9c6125bf4d99975", [:mix], [], "hexpm", "42532209510e365c3c9a56c33a2b5448ab1645c0ae124f261162f2c166061019"},
  "fun_land": {:hex, :fun_land, "0.9.3", "0ca62fb92fcfa95fa50d7cf05b5a25ca49a709cad32ef4317e167b523f459e42", [:mix], [{:currying, "~> 1.0", [hex: :currying, repo: "hexpm", optional: false]}, {:numbers, "~> 5.0", [hex: :numbers, repo: "hexpm", optional: false]}], "hexpm", "258922fde86bf965b542a8868e1fbe7a0d2466c53c929d04576bb3955f4a0098"},
  "insertable": {:hex, :insertable, "0.2.0", "f9ef5e484d1cc0756f1d248a54466aa6388142a81df18f588158e3eda2501395", [:mix], [], "hexpm", "518a8b5870344c784dec4560a296e3ef539cd08e58df7f425485bb6158ab70d6"},
  "numbers": {:hex, :numbers, "5.2.4", "f123d5bb7f6acc366f8f445e10a32bd403c8469bdbce8ce049e1f0972b607080", [:mix], [{:coerce, "~> 1.0", [hex: :coerce, repo: "hexpm", optional: false]}, {:decimal, "~> 1.9 or ~> 2.0", [hex: :decimal, repo: "hexpm", optional: true]}], "hexpm", "eeccf5c61d5f4922198395bf87a465b6f980b8b862dd22d28198c5e6fab38582"},
  "pqueue": {:hex, :pqueue, "1.8.0", "f02ee8f56664fe52a724eb4a9303b93b5475db034b751d18620d0ded86bb3ab1", [:rebar3], [], "hexpm", "e0521e56f175d0dd9abbb7aee8087fe7a178acfc146f5d0a423e86c3a2fda342"},
  "pqueue2": {:hex, :pqueue2, "0.4.1", "e01ae0873ed234000f922ce0905a88c11c856a5b5f8ef41d9b59b29823d0d9fd", [:mix], [{:pqueue, "~> 1.7", [hex: :pqueue, repo: "hexpm", optional: false]}], "hexpm", "864ae43d0f594e14a37480e609fbbdd01f5d5fe7cec2f8eceb682fb717c432a4"},
  "prioqueue": {:hex, :prioqueue, "0.2.7", "c95e1a8f1f6c82111334ae4d4f7cf00351f6e4908a05f2d437cc929d143c9f0c", [:mix], [{:extractable, "~> 0.2", [hex: :extractable, repo: "hexpm", optional: false]}, {:fun_land, "~> 0.9.0", [hex: :fun_land, repo: "hexpm", optional: false]}, {:insertable, "~> 0.2", [hex: :insertable, repo: "hexpm", optional: false]}], "hexpm", "ee0fdb4fae20c71166f3e582781d2d735d565fe84f0ef41853ce256111ceca30"},
  "psq": {:hex, :psq, "0.1.0", "32a16052bac6d2432366fc9c0dc0e03d2222ed8d194856598d7e3917d98724f2", [:mix], [], "hexpm", "56c8ab450e26ce20d4cd819022658c66302795b2217aa3f3550942a3ab9d226a"},
  "typed_struct": {:hex, :typed_struct, "0.1.4", "25971ce73a8b336dedf2f80e4dafaab111af127ba4773955b66805c89e197f6a", [:mix], [], "hexpm", "c48b743b1812189431e0280941790af150ae5372f7ac51e7097c03a261a35bd6"},
}
